<?xml version="1.0" encoding="utf-8"?>
<Project ToolsVersion="4.0" xmlns="http://schemas.microsoft.com/developer/msbuild/2003">
  <ItemGroup>
    <ClInclude Include="third_party\sdl2\include\begin_code.h">
      <Filter>SDL</Filter>
    </ClInclude>
    <ClInclude Include="third_party\sdl2\include\SDL.h">
      <Filter>SDL</Filter>
    </ClInclude>
    <ClInclude Include="third_party\sdl2\include\SDL_assert.h">
      <Filter>SDL</Filter>
    </ClInclude>
    <ClInclude Include="third_party\sdl2\include\SDL_atomic.h">
      <Filter>SDL</Filter>
    </ClInclude>
    <ClInclude Include="third_party\sdl2\include\SDL_audio.h">
      <Filter>SDL</Filter>
    </ClInclude>
    <ClInclude Include="third_party\sdl2\include\SDL_bits.h">
      <Filter>SDL</Filter>
    </ClInclude>
    <ClInclude Include="third_party\sdl2\include\SDL_blendmode.h">
      <Filter>SDL</Filter>
    </ClInclude>
    <ClInclude Include="third_party\sdl2\include\SDL_clipboard.h">
      <Filter>SDL</Filter>
    </ClInclude>
    <ClInclude Include="third_party\sdl2\include\SDL_config.h">
      <Filter>SDL</Filter>
    </ClInclude>
    <ClInclude Include="third_party\sdl2\include\SDL_config_android.h">
      <Filter>SDL</Filter>
    </ClInclude>
    <ClInclude Include="third_party\sdl2\include\SDL_config_iphoneos.h">
      <Filter>SDL</Filter>
    </ClInclude>
    <ClInclude Include="third_party\sdl2\include\SDL_config_macosx.h">
      <Filter>SDL</Filter>
    </ClInclude>
    <ClInclude Include="third_party\sdl2\include\SDL_config_minimal.h">
      <Filter>SDL</Filter>
    </ClInclude>
    <ClInclude Include="third_party\sdl2\include\SDL_config_pandora.h">
      <Filter>SDL</Filter>
    </ClInclude>
    <ClInclude Include="third_party\sdl2\include\SDL_config_psp.h">
      <Filter>SDL</Filter>
    </ClInclude>
    <ClInclude Include="third_party\sdl2\include\SDL_config_windows.h">
      <Filter>SDL</Filter>
    </ClInclude>
    <ClInclude Include="third_party\sdl2\include\SDL_config_winrt.h">
      <Filter>SDL</Filter>
    </ClInclude>
    <ClInclude Include="third_party\sdl2\include\SDL_config_wiz.h">
      <Filter>SDL</Filter>
    </ClInclude>
    <ClInclude Include="third_party\sdl2\include\SDL_copying.h">
      <Filter>SDL</Filter>
    </ClInclude>
    <ClInclude Include="third_party\sdl2\include\SDL_cpuinfo.h">
      <Filter>SDL</Filter>
    </ClInclude>
    <ClInclude Include="third_party\sdl2\include\SDL_egl.h">
      <Filter>SDL</Filter>
    </ClInclude>
    <ClInclude Include="third_party\sdl2\include\SDL_endian.h">
      <Filter>SDL</Filter>
    </ClInclude>
    <ClInclude Include="third_party\sdl2\include\SDL_error.h">
      <Filter>SDL</Filter>
    </ClInclude>
    <ClInclude Include="third_party\sdl2\include\SDL_events.h">
      <Filter>SDL</Filter>
    </ClInclude>
    <ClInclude Include="third_party\sdl2\include\SDL_filesystem.h">
      <Filter>SDL</Filter>
    </ClInclude>
    <ClInclude Include="third_party\sdl2\include\SDL_gamecontroller.h">
      <Filter>SDL</Filter>
    </ClInclude>
    <ClInclude Include="third_party\sdl2\include\SDL_gesture.h">
      <Filter>SDL</Filter>
    </ClInclude>
    <ClInclude Include="third_party\sdl2\include\SDL_haptic.h">
      <Filter>SDL</Filter>
    </ClInclude>
    <ClInclude Include="third_party\sdl2\include\SDL_hints.h">
      <Filter>SDL</Filter>
    </ClInclude>
    <ClInclude Include="third_party\sdl2\include\SDL_joystick.h">
      <Filter>SDL</Filter>
    </ClInclude>
    <ClInclude Include="third_party\sdl2\include\SDL_keyboard.h">
      <Filter>SDL</Filter>
    </ClInclude>
    <ClInclude Include="third_party\sdl2\include\SDL_keycode.h">
      <Filter>SDL</Filter>
    </ClInclude>
    <ClInclude Include="third_party\sdl2\include\SDL_loadso.h">
      <Filter>SDL</Filter>
    </ClInclude>
    <ClInclude Include="third_party\sdl2\include\SDL_log.h">
      <Filter>SDL</Filter>
    </ClInclude>
    <ClInclude Include="third_party\sdl2\include\SDL_main.h">
      <Filter>SDL</Filter>
    </ClInclude>
    <ClInclude Include="third_party\sdl2\include\SDL_messagebox.h">
      <Filter>SDL</Filter>
    </ClInclude>
    <ClInclude Include="third_party\sdl2\include\SDL_mouse.h">
      <Filter>SDL</Filter>
    </ClInclude>
    <ClInclude Include="third_party\sdl2\include\SDL_mutex.h">
      <Filter>SDL</Filter>
    </ClInclude>
    <ClInclude Include="third_party\sdl2\include\SDL_name.h">
      <Filter>SDL</Filter>
    </ClInclude>
    <ClInclude Include="third_party\sdl2\include\SDL_opengl.h">
      <Filter>SDL</Filter>
    </ClInclude>
    <ClInclude Include="third_party\sdl2\include\SDL_opengl_glext.h">
      <Filter>SDL</Filter>
    </ClInclude>
    <ClInclude Include="third_party\sdl2\include\SDL_opengles.h">
      <Filter>SDL</Filter>
    </ClInclude>
    <ClInclude Include="third_party\sdl2\include\SDL_opengles2.h">
      <Filter>SDL</Filter>
    </ClInclude>
    <ClInclude Include="third_party\sdl2\include\SDL_opengles2_gl2.h">
      <Filter>SDL</Filter>
    </ClInclude>
    <ClInclude Include="third_party\sdl2\include\SDL_opengles2_gl2ext.h">
      <Filter>SDL</Filter>
    </ClInclude>
    <ClInclude Include="third_party\sdl2\include\SDL_opengles2_gl2platform.h">
      <Filter>SDL</Filter>
    </ClInclude>
    <ClInclude Include="third_party\sdl2\include\SDL_opengles2_khrplatform.h">
      <Filter>SDL</Filter>
    </ClInclude>
    <ClInclude Include="third_party\sdl2\include\SDL_pixels.h">
      <Filter>SDL</Filter>
    </ClInclude>
    <ClInclude Include="third_party\sdl2\include\SDL_platform.h">
      <Filter>SDL</Filter>
    </ClInclude>
    <ClInclude Include="third_party\sdl2\include\SDL_power.h">
      <Filter>SDL</Filter>
    </ClInclude>
    <ClInclude Include="third_party\sdl2\include\SDL_quit.h">
      <Filter>SDL</Filter>
    </ClInclude>
    <ClInclude Include="third_party\sdl2\include\SDL_rect.h">
      <Filter>SDL</Filter>
    </ClInclude>
    <ClInclude Include="third_party\sdl2\include\SDL_render.h">
      <Filter>SDL</Filter>
    </ClInclude>
    <ClInclude Include="third_party\sdl2\include\SDL_revision.h">
      <Filter>SDL</Filter>
    </ClInclude>
    <ClInclude Include="third_party\sdl2\include\SDL_rwops.h">
      <Filter>SDL</Filter>
    </ClInclude>
    <ClInclude Include="third_party\sdl2\include\SDL_scancode.h">
      <Filter>SDL</Filter>
    </ClInclude>
    <ClInclude Include="third_party\sdl2\include\SDL_shape.h">
      <Filter>SDL</Filter>
    </ClInclude>
    <ClInclude Include="third_party\sdl2\include\SDL_stdinc.h">
      <Filter>SDL</Filter>
    </ClInclude>
    <ClInclude Include="third_party\sdl2\include\SDL_surface.h">
      <Filter>SDL</Filter>
    </ClInclude>
    <ClInclude Include="third_party\sdl2\include\SDL_system.h">
      <Filter>SDL</Filter>
    </ClInclude>
    <ClInclude Include="third_party\sdl2\include\SDL_syswm.h">
      <Filter>SDL</Filter>
    </ClInclude>
    <ClInclude Include="third_party\sdl2\include\SDL_test.h">
      <Filter>SDL</Filter>
    </ClInclude>
    <ClInclude Include="third_party\sdl2\include\SDL_test_assert.h">
      <Filter>SDL</Filter>
    </ClInclude>
    <ClInclude Include="third_party\sdl2\include\SDL_test_common.h">
      <Filter>SDL</Filter>
    </ClInclude>
    <ClInclude Include="third_party\sdl2\include\SDL_test_compare.h">
      <Filter>SDL</Filter>
    </ClInclude>
    <ClInclude Include="third_party\sdl2\include\SDL_test_crc32.h">
      <Filter>SDL</Filter>
    </ClInclude>
    <ClInclude Include="third_party\sdl2\include\SDL_test_font.h">
      <Filter>SDL</Filter>
    </ClInclude>
    <ClInclude Include="third_party\sdl2\include\SDL_test_fuzzer.h">
      <Filter>SDL</Filter>
    </ClInclude>
    <ClInclude Include="third_party\sdl2\include\SDL_test_harness.h">
      <Filter>SDL</Filter>
    </ClInclude>
    <ClInclude Include="third_party\sdl2\include\SDL_test_images.h">
      <Filter>SDL</Filter>
    </ClInclude>
    <ClInclude Include="third_party\sdl2\include\SDL_test_log.h">
      <Filter>SDL</Filter>
    </ClInclude>
    <ClInclude Include="third_party\sdl2\include\SDL_test_md5.h">
      <Filter>SDL</Filter>
    </ClInclude>
    <ClInclude Include="third_party\sdl2\include\SDL_test_memory.h">
      <Filter>SDL</Filter>
    </ClInclude>
    <ClInclude Include="third_party\sdl2\include\SDL_test_random.h">
      <Filter>SDL</Filter>
    </ClInclude>
    <ClInclude Include="third_party\sdl2\include\SDL_thread.h">
      <Filter>SDL</Filter>
    </ClInclude>
    <ClInclude Include="third_party\sdl2\include\SDL_timer.h">
      <Filter>SDL</Filter>
    </ClInclude>
    <ClInclude Include="third_party\sdl2\include\SDL_touch.h">
      <Filter>SDL</Filter>
    </ClInclude>
    <ClInclude Include="third_party\sdl2\include\SDL_types.h">
      <Filter>SDL</Filter>
    </ClInclude>
    <ClInclude Include="third_party\sdl2\include\SDL_version.h">
      <Filter>SDL</Filter>
    </ClInclude>
    <ClInclude Include="third_party\sdl2\include\SDL_video.h">
      <Filter>SDL</Filter>
    </ClInclude>
    <ClInclude Include="third_party\sdl2\include\SDL_vulkan.h">
      <Filter>SDL</Filter>
    </ClInclude>
    <ClInclude Include="src\Acceleration\BoundingVolume.hpp" />
    <ClInclude Include="src\Acceleration\BVH.hpp" />
    <ClInclude Include="src\Core\Intersection.hpp" />
    <ClInclude Include="src\Core\Renderer.hpp" />
    <ClInclude Include="src\Core\Sampler.hpp" />
    <ClInclude Include="src\Core\Scene.hpp" />
    <ClInclude Include="src\Geometry\Mesh.hpp" />
    <ClInclude Include="src\Geometry\Triangle.hpp" />
    <ClInclude Include="src\Imaging\Camera.hpp" />
    <ClInclude Include="src\Imaging\Color3.hpp" />
    <ClInclude Include="src\Imaging\ImageBuffer.hpp" />
    <ClInclude Include="src\Imaging\Light.hpp" />
    <ClInclude Include="src\Material\BSDF.hpp" />
    <ClInclude Include="src\Material\Material.hpp" />
    <ClInclude Include="src\Math\MathUtil.hpp" />
    <ClInclude Include="src\Math\Matrix4x4.hpp" />
    <ClInclude Include="src\Math\Normal3.hpp" />
    <ClInclude Include="src\Math\Point2.hpp" />
    <ClInclude Include="src\Math\Point3.hpp" />
    <ClInclude Include="src\Math\Ray.hpp" />
    <ClInclude Include="src\Math\Transform.hpp" />
    <ClInclude Include="src\Math\Vec2.hpp" />
    <ClInclude Include="src\Math\Vec3.hpp" />
    <ClInclude Include="src\Utility\Parser.hpp" />
    <ClInclude Include="src\Utility\Utility.hpp" />
    <ClInclude Include="src\Utility\Window.hpp" />
  </ItemGroup>
  <ItemGroup>
    <Filter Include="SDL">
      <UniqueIdentifier>{ec89b759-0805-47cf-9409-dc813fc7019d}</UniqueIdentifier>
    </Filter>
  </ItemGroup>
  <ItemGroup>
    <ClCompile Include="src\Acceleration\BoundingVolume.cpp" />
    <ClCompile Include="src\Acceleration\BVH.cpp" />
    <ClCompile Include="src\Core\Intersection.cpp" />
    <ClCompile Include="src\Core\Renderer.cpp" />
    <ClCompile Include="src\Core\Sampler.cpp" />
    <ClCompile Include="src\Core\Scene.cpp" />
    <ClCompile Include="src\Geometry\Mesh.cpp" />
    <ClCompile Include="src\Geometry\Triangle.cpp" />
    <ClCompile Include="src\Imaging\Camera.cpp" />
    <ClCompile Include="src\Imaging\ImageBuffer.cpp" />
    <ClCompile Include="src\Material\BSDF.cpp" />
    <ClCompile Include="src\Material\Material.cpp" />
    <ClCompile Include="src\Math\MathUtil.cpp" />
    <ClCompile Include="src\Math\Transform.cpp" />
    <ClCompile Include="src\Utility\Parser.cpp" />
    <ClCompile Include="src\Utility\Window.cpp" />
    <ClCompile Include="src\main.cpp" />
  </ItemGroup>
</Project>