<?xml version="1.0" encoding="utf-8"?>
<Project ToolsVersion="4.0" xmlns="http://schemas.microsoft.com/developer/msbuild/2003">
  <ItemGroup>
    <ClInclude Include="third_party\sdl2\include\begin_code.h">
      <Filter>SDL</Filter>
    </ClInclude>
    <ClInclude Include="third_party\sdl2\include\SDL.h">
      <Filter>SDL</Filter>
    </ClInclude>
    <ClInclude Include="third_party\sdl2\include\SDL_assert.h">
      <Filter>SDL</Filter>
    </ClInclude>
    <ClInclude Include="third_party\sdl2\include\SDL_atomic.h">
      <Filter>SDL</Filter>
    </ClInclude>
    <ClInclude Include="third_party\sdl2\include\SDL_audio.h">
      <Filter>SDL</Filter>
    </ClInclude>
    <ClInclude Include="third_party\sdl2\include\SDL_bits.h">
      <Filter>SDL</Filter>
    </ClInclude>
    <ClInclude Include="third_party\sdl2\include\SDL_blendmode.h">
      <Filter>SDL</Filter>
    </ClInclude>
    <ClInclude Include="third_party\sdl2\include\SDL_clipboard.h">
      <Filter>SDL</Filter>
    </ClInclude>
    <ClInclude Include="third_party\sdl2\include\SDL_config.h">
      <Filter>SDL</Filter>
    </ClInclude>
    <ClInclude Include="third_party\sdl2\include\SDL_config_android.h">
      <Filter>SDL</Filter>
    </ClInclude>
    <ClInclude Include="third_party\sdl2\include\SDL_config_iphoneos.h">
      <Filter>SDL</Filter>
    </ClInclude>
    <ClInclude Include="third_party\sdl2\include\SDL_config_macosx.h">
      <Filter>SDL</Filter>
    </ClInclude>
    <ClInclude Include="third_party\sdl2\include\SDL_config_minimal.h">
      <Filter>SDL</Filter>
    </ClInclude>
    <ClInclude Include="third_party\sdl2\include\SDL_config_pandora.h">
      <Filter>SDL</Filter>
    </ClInclude>
    <ClInclude Include="third_party\sdl2\include\SDL_config_psp.h">
      <Filter>SDL</Filter>
    </ClInclude>
    <ClInclude Include="third_party\sdl2\include\SDL_config_windows.h">
      <Filter>SDL</Filter>
    </ClInclude>
    <ClInclude Include="third_party\sdl2\include\SDL_config_winrt.h">
      <Filter>SDL</Filter>
    </ClInclude>
    <ClInclude Include="third_party\sdl2\include\SDL_config_wiz.h">
      <Filter>SDL</Filter>
    </ClInclude>
    <ClInclude Include="third_party\sdl2\include\SDL_copying.h">
      <Filter>SDL</Filter>
    </ClInclude>
    <ClInclude Include="third_party\sdl2\include\SDL_cpuinfo.h">
      <Filter>SDL</Filter>
    </ClInclude>
    <ClInclude Include="third_party\sdl2\include\SDL_egl.h">
      <Filter>SDL</Filter>
    </ClInclude>
    <ClInclude Include="third_party\sdl2\include\SDL_endian.h">
      <Filter>SDL</Filter>
    </ClInclude>
    <ClInclude Include="third_party\sdl2\include\SDL_error.h">
      <Filter>SDL</Filter>
    </ClInclude>
    <ClInclude Include="third_party\sdl2\include\SDL_events.h">
      <Filter>SDL</Filter>
    </ClInclude>
    <ClInclude Include="third_party\sdl2\include\SDL_filesystem.h">
      <Filter>SDL</Filter>
    </ClInclude>
    <ClInclude Include="third_party\sdl2\include\SDL_gamecontroller.h">
      <Filter>SDL</Filter>
    </ClInclude>
    <ClInclude Include="third_party\sdl2\include\SDL_gesture.h">
      <Filter>SDL</Filter>
    </ClInclude>
    <ClInclude Include="third_party\sdl2\include\SDL_haptic.h">
      <Filter>SDL</Filter>
    </ClInclude>
    <ClInclude Include="third_party\sdl2\include\SDL_hints.h">
      <Filter>SDL</Filter>
    </ClInclude>
    <ClInclude Include="third_party\sdl2\include\SDL_joystick.h">
      <Filter>SDL</Filter>
    </ClInclude>
    <ClInclude Include="third_party\sdl2\include\SDL_keyboard.h">
      <Filter>SDL</Filter>
    </ClInclude>
    <ClInclude Include="third_party\sdl2\include\SDL_keycode.h">
      <Filter>SDL</Filter>
    </ClInclude>
    <ClInclude Include="third_party\sdl2\include\SDL_loadso.h">
      <Filter>SDL</Filter>
    </ClInclude>
    <ClInclude Include="third_party\sdl2\include\SDL_log.h">
      <Filter>SDL</Filter>
    </ClInclude>
    <ClInclude Include="third_party\sdl2\include\SDL_main.h">
      <Filter>SDL</Filter>
    </ClInclude>
    <ClInclude Include="third_party\sdl2\include\SDL_messagebox.h">
      <Filter>SDL</Filter>
    </ClInclude>
    <ClInclude Include="third_party\sdl2\include\SDL_mouse.h">
      <Filter>SDL</Filter>
    </ClInclude>
    <ClInclude Include="third_party\sdl2\include\SDL_mutex.h">
      <Filter>SDL</Filter>
    </ClInclude>
    <ClInclude Include="third_party\sdl2\include\SDL_name.h">
      <Filter>SDL</Filter>
    </ClInclude>
    <ClInclude Include="third_party\sdl2\include\SDL_opengl.h">
      <Filter>SDL</Filter>
    </ClInclude>
    <ClInclude Include="third_party\sdl2\include\SDL_opengl_glext.h">
      <Filter>SDL</Filter>
    </ClInclude>
    <ClInclude Include="third_party\sdl2\include\SDL_opengles.h">
      <Filter>SDL</Filter>
    </ClInclude>
    <ClInclude Include="third_party\sdl2\include\SDL_opengles2.h">
      <Filter>SDL</Filter>
    </ClInclude>
    <ClInclude Include="third_party\sdl2\include\SDL_opengles2_gl2.h">
      <Filter>SDL</Filter>
    </ClInclude>
    <ClInclude Include="third_party\sdl2\include\SDL_opengles2_gl2ext.h">
      <Filter>SDL</Filter>
    </ClInclude>
    <ClInclude Include="third_party\sdl2\include\SDL_opengles2_gl2platform.h">
      <Filter>SDL</Filter>
    </ClInclude>
    <ClInclude Include="third_party\sdl2\include\SDL_opengles2_khrplatform.h">
      <Filter>SDL</Filter>
    </ClInclude>
    <ClInclude Include="third_party\sdl2\include\SDL_pixels.h">
      <Filter>SDL</Filter>
    </ClInclude>
    <ClInclude Include="third_party\sdl2\include\SDL_platform.h">
      <Filter>SDL</Filter>
    </ClInclude>
    <ClInclude Include="third_party\sdl2\include\SDL_power.h">
      <Filter>SDL</Filter>
    </ClInclude>
    <ClInclude Include="third_party\sdl2\include\SDL_quit.h">
      <Filter>SDL</Filter>
    </ClInclude>
    <ClInclude Include="third_party\sdl2\include\SDL_rect.h">
      <Filter>SDL</Filter>
    </ClInclude>
    <ClInclude Include="third_party\sdl2\include\SDL_render.h">
      <Filter>SDL</Filter>
    </ClInclude>
    <ClInclude Include="third_party\sdl2\include\SDL_revision.h">
      <Filter>SDL</Filter>
    </ClInclude>
    <ClInclude Include="third_party\sdl2\include\SDL_rwops.h">
      <Filter>SDL</Filter>
    </ClInclude>
    <ClInclude Include="third_party\sdl2\include\SDL_scancode.h">
      <Filter>SDL</Filter>
    </ClInclude>
    <ClInclude Include="third_party\sdl2\include\SDL_shape.h">
      <Filter>SDL</Filter>
    </ClInclude>
    <ClInclude Include="third_party\sdl2\include\SDL_stdinc.h">
      <Filter>SDL</Filter>
    </ClInclude>
    <ClInclude Include="third_party\sdl2\include\SDL_surface.h">
      <Filter>SDL</Filter>
    </ClInclude>
    <ClInclude Include="third_party\sdl2\include\SDL_system.h">
      <Filter>SDL</Filter>
    </ClInclude>
    <ClInclude Include="third_party\sdl2\include\SDL_syswm.h">
      <Filter>SDL</Filter>
    </ClInclude>
    <ClInclude Include="third_party\sdl2\include\SDL_test.h">
      <Filter>SDL</Filter>
    </ClInclude>
    <ClInclude Include="third_party\sdl2\include\SDL_test_assert.h">
      <Filter>SDL</Filter>
    </ClInclude>
    <ClInclude Include="third_party\sdl2\include\SDL_test_common.h">
      <Filter>SDL</Filter>
    </ClInclude>
    <ClInclude Include="third_party\sdl2\include\SDL_test_compare.h">
      <Filter>SDL</Filter>
    </ClInclude>
    <ClInclude Include="third_party\sdl2\include\SDL_test_crc32.h">
      <Filter>SDL</Filter>
    </ClInclude>
    <ClInclude Include="third_party\sdl2\include\SDL_test_font.h">
      <Filter>SDL</Filter>
    </ClInclude>
    <ClInclude Include="third_party\sdl2\include\SDL_test_fuzzer.h">
      <Filter>SDL</Filter>
    </ClInclude>
    <ClInclude Include="third_party\sdl2\include\SDL_test_harness.h">
      <Filter>SDL</Filter>
    </ClInclude>
    <ClInclude Include="third_party\sdl2\include\SDL_test_images.h">
      <Filter>SDL</Filter>
    </ClInclude>
    <ClInclude Include="third_party\sdl2\include\SDL_test_log.h">
      <Filter>SDL</Filter>
    </ClInclude>
    <ClInclude Include="third_party\sdl2\include\SDL_test_md5.h">
      <Filter>SDL</Filter>
    </ClInclude>
    <ClInclude Include="third_party\sdl2\include\SDL_test_memory.h">
      <Filter>SDL</Filter>
    </ClInclude>
    <ClInclude Include="third_party\sdl2\include\SDL_test_random.h">
      <Filter>SDL</Filter>
    </ClInclude>
    <ClInclude Include="third_party\sdl2\include\SDL_thread.h">
      <Filter>SDL</Filter>
    </ClInclude>
    <ClInclude Include="third_party\sdl2\include\SDL_timer.h">
      <Filter>SDL</Filter>
    </ClInclude>
    <ClInclude Include="third_party\sdl2\include\SDL_touch.h">
      <Filter>SDL</Filter>
    </ClInclude>
    <ClInclude Include="third_party\sdl2\include\SDL_types.h">
      <Filter>SDL</Filter>
    </ClInclude>
    <ClInclude Include="third_party\sdl2\include\SDL_version.h">
      <Filter>SDL</Filter>
    </ClInclude>
    <ClInclude Include="third_party\sdl2\include\SDL_video.h">
      <Filter>SDL</Filter>
    </ClInclude>
    <ClInclude Include="third_party\sdl2\include\SDL_vulkan.h">
      <Filter>SDL</Filter>
    </ClInclude>
    <ClInclude Include="source\acceleration\aabb.hpp">
      <Filter>acceleration</Filter>
    </ClInclude>
    <ClInclude Include="source\acceleration\bvh.hpp">
      <Filter>acceleration</Filter>
    </ClInclude>
    <ClInclude Include="source\core\scene.hpp">
      <Filter>core</Filter>
    </ClInclude>
    <ClInclude Include="source\core\intersection.hpp">
      <Filter>core</Filter>
    </ClInclude>
    <ClInclude Include="source\core\renderer.hpp">
      <Filter>core</Filter>
    </ClInclude>
    <ClInclude Include="source\core\sampler.hpp">
      <Filter>core</Filter>
    </ClInclude>
    <ClInclude Include="source\geometry\mesh.hpp">
      <Filter>geometry</Filter>
    </ClInclude>
    <ClInclude Include="source\geometry\triangle.hpp">
      <Filter>geometry</Filter>
    </ClInclude>
    <ClInclude Include="source\imaging\camera.hpp">
      <Filter>imaging</Filter>
    </ClInclude>
    <ClInclude Include="source\imaging\Color3.hpp">
      <Filter>imaging</Filter>
    </ClInclude>
    <ClInclude Include="source\imaging\image_buffer.hpp">
      <Filter>imaging</Filter>
    </ClInclude>
    <ClInclude Include="source\material\material.hpp">
      <Filter>material</Filter>
    </ClInclude>
    <ClInclude Include="source\math\math_util.hpp">
      <Filter>math</Filter>
    </ClInclude>
    <ClInclude Include="source\math\Matrix4x4.hpp">
      <Filter>math</Filter>
    </ClInclude>
    <ClInclude Include="source\math\Normal3.hpp">
      <Filter>math</Filter>
    </ClInclude>
    <ClInclude Include="source\math\Point2.hpp">
      <Filter>math</Filter>
    </ClInclude>
    <ClInclude Include="source\math\Point3.hpp">
      <Filter>math</Filter>
    </ClInclude>
    <ClInclude Include="source\math\Ray.hpp">
      <Filter>math</Filter>
    </ClInclude>
    <ClInclude Include="source\math\transform.hpp">
      <Filter>math</Filter>
    </ClInclude>
    <ClInclude Include="source\math\Vec2.hpp">
      <Filter>math</Filter>
    </ClInclude>
    <ClInclude Include="source\math\Vec3.hpp">
      <Filter>math</Filter>
    </ClInclude>
    <ClInclude Include="source\utility\parser.hpp">
      <Filter>utility</Filter>
    </ClInclude>
    <ClInclude Include="source\utility\utility.hpp">
      <Filter>utility</Filter>
    </ClInclude>
    <ClInclude Include="source\utility\window.hpp">
      <Filter>utility</Filter>
    </ClInclude>
    <ClInclude Include="source\math\onb.hpp">
      <Filter>math</Filter>
    </ClInclude>
  </ItemGroup>
  <ItemGroup>
    <Filter Include="SDL">
      <UniqueIdentifier>{ec89b759-0805-47cf-9409-dc813fc7019d}</UniqueIdentifier>
    </Filter>
    <Filter Include="acceleration">
      <UniqueIdentifier>{f8be1248-d492-4ae4-af92-d701227f85c2}</UniqueIdentifier>
    </Filter>
    <Filter Include="core">
      <UniqueIdentifier>{db6ec7de-334f-42e9-bbaa-f64e7c4bb745}</UniqueIdentifier>
    </Filter>
    <Filter Include="geometry">
      <UniqueIdentifier>{c13f1c3a-a480-45b4-8265-ebe261d473d4}</UniqueIdentifier>
    </Filter>
    <Filter Include="imaging">
      <UniqueIdentifier>{9dd52b4a-c41c-440b-8c0a-da15feaff579}</UniqueIdentifier>
    </Filter>
    <Filter Include="material">
      <UniqueIdentifier>{0f641482-3124-406a-be01-bf5eb53616cf}</UniqueIdentifier>
    </Filter>
    <Filter Include="math">
      <UniqueIdentifier>{2cbbae1d-c3e7-4cc9-ae95-dbe5517491ad}</UniqueIdentifier>
    </Filter>
    <Filter Include="utility">
      <UniqueIdentifier>{2d21e844-ed3f-429b-b8f6-c865e2962246}</UniqueIdentifier>
    </Filter>
  </ItemGroup>
  <ItemGroup>
    <ClCompile Include="source\acceleration\bvh.cpp">
      <Filter>acceleration</Filter>
    </ClCompile>
    <ClCompile Include="source\acceleration\aabb.cpp">
      <Filter>acceleration</Filter>
    </ClCompile>
    <ClCompile Include="source\core\intersection.cpp">
      <Filter>core</Filter>
    </ClCompile>
    <ClCompile Include="source\core\renderer.cpp">
      <Filter>core</Filter>
    </ClCompile>
    <ClCompile Include="source\core\sampler.cpp">
      <Filter>core</Filter>
    </ClCompile>
    <ClCompile Include="source\core\scene.cpp">
      <Filter>core</Filter>
    </ClCompile>
    <ClCompile Include="source\geometry\triangle.cpp">
      <Filter>geometry</Filter>
    </ClCompile>
    <ClCompile Include="source\geometry\mesh.cpp">
      <Filter>geometry</Filter>
    </ClCompile>
    <ClCompile Include="source\imaging\camera.cpp">
      <Filter>imaging</Filter>
    </ClCompile>
    <ClCompile Include="source\imaging\image_buffer.cpp">
      <Filter>imaging</Filter>
    </ClCompile>
    <ClCompile Include="source\material\material.cpp">
      <Filter>material</Filter>
    </ClCompile>
    <ClCompile Include="source\math\math_util.cpp">
      <Filter>math</Filter>
    </ClCompile>
    <ClCompile Include="source\math\transform.cpp">
      <Filter>math</Filter>
    </ClCompile>
    <ClCompile Include="source\utility\parser.cpp">
      <Filter>utility</Filter>
    </ClCompile>
    <ClCompile Include="source\utility\window.cpp">
      <Filter>utility</Filter>
    </ClCompile>
    <ClCompile Include="source\main.cpp" />
    <ClCompile Include="source\math\onb.cpp">
      <Filter>math</Filter>
    </ClCompile>
  </ItemGroup>
</Project>